
Microsoft Visual Studio Solution File, Format Version 12.00
# Visual Studio 15
VisualStudioVersion = 15.0.28307.1259
MinimumVisualStudioVersion = 10.0.40219.1
Project("{9A19103F-16F7-4668-BE54-9A1E7A4F7556}") = "KampIntro", "KampIntro\KampIntro.csproj", "{B97CC7E8-0CEE-4515-910B-E0486C50ADF4}"
EndProject
Project("{9A19103F-16F7-4668-BE54-9A1E7A4F7556}") = "Donguler", "Donguler\Donguler.csproj", "{A256F618-4A2E-4820-8374-784604C184A5}"
EndProject
Project("{9A19103F-16F7-4668-BE54-9A1E7A4F7556}") = "ClassIntro", "ClassIntro\ClassIntro.csproj", "{98636019-5B2D-4FBB-BF03-678C97498EB2}"
EndProject
Project("{9A19103F-16F7-4668-BE54-9A1E7A4F7556}") = "Metotlar", "Metotlar\Metotlar.csproj", "{CE99B7AF-C432-45E3-BF34-60C5A08D4B13}"
EndProject
Project("{9A19103F-16F7-4668-BE54-9A1E7A4F7556}") = "Matematik", "Matematik\Matematik.csproj", "{2A03AB1F-557F-4C73-8CA8-508211374439}"
EndProject
Project("{9A19103F-16F7-4668-BE54-9A1E7A4F7556}") = "DegerVeReferansTipler", "DegerVeReferansTipler\DegerVeReferansTipler.csproj", "{57BF37F1-C6A3-4F76-BDEE-B5BB7FC24469}"
EndProject
Project("{9A19103F-16F7-4668-BE54-9A1E7A4F7556}") = "ClassMetotDemo", "ClassMetotDemo\ClassMetotDemo.csproj", "{C79C2F02-D3F8-4C0F-81E3-CC10568E1CB6}"
EndProject
Project("{9A19103F-16F7-4668-BE54-9A1E7A4F7556}") = "OOP1", "OOP1\OOP1.csproj", "{EB94F425-216B-4D5A-A978-94B4F0F8C4F3}"
EndProject
Project("{9A19103F-16F7-4668-BE54-9A1E7A4F7556}") = "Koleksiyonlar", "Koleksiyonlar\Koleksiyonlar.csproj", "{D2CD93D4-E080-4C39-B9EF-B3724E8A8F0D}"
EndProject
Project("{9A19103F-16F7-4668-BE54-9A1E7A4F7556}") = "GenericsIntro", "GenericsIntro\GenericsIntro.csproj", "{A41B365D-3D23-4A4A-9F2E-A7D4BF992107}"
EndProject
Project("{9A19103F-16F7-4668-BE54-9A1E7A4F7556}") = "OOP2", "OOP2\OOP2.csproj", "{2425268D-0E11-4CC2-9A19-8C4F4AFA0DAB}"
EndProject
Project("{9A19103F-16F7-4668-BE54-9A1E7A4F7556}") = "OOP3", "OOP3\OOP3.csproj", "{E844EE81-7080-4C46-9314-A8F38F49DCC1}"
EndProject
Project("{FAE04EC0-301F-11D3-BF4B-00C04F79EFBC}") = "OdevRefveOut", "OdevRefveOut\OdevRefveOut.csproj", "{D33BB745-0072-4F5A-AAF7-7FF3877824CC}"
EndProject
Global
	GlobalSection(SolutionConfigurationPlatforms) = preSolution
		Debug|Any CPU = Debug|Any CPU
		Release|Any CPU = Release|Any CPU
	EndGlobalSection
	GlobalSection(ProjectConfigurationPlatforms) = postSolution
		{B97CC7E8-0CEE-4515-910B-E0486C50ADF4}.Debug|Any CPU.ActiveCfg = Debug|Any CPU
		{B97CC7E8-0CEE-4515-910B-E0486C50ADF4}.Debug|Any CPU.Build.0 = Debug|Any CPU
		{B97CC7E8-0CEE-4515-910B-E0486C50ADF4}.Release|Any CPU.ActiveCfg = Release|Any CPU
		{B97CC7E8-0CEE-4515-910B-E0486C50ADF4}.Release|Any CPU.Build.0 = Release|Any CPU
		{A256F618-4A2E-4820-8374-784604C184A5}.Debug|Any CPU.ActiveCfg = Debug|Any CPU
		{A256F618-4A2E-4820-8374-784604C184A5}.Debug|Any CPU.Build.0 = Debug|Any CPU
		{A256F618-4A2E-4820-8374-784604C184A5}.Release|Any CPU.ActiveCfg = Release|Any CPU
		{A256F618-4A2E-4820-8374-784604C184A5}.Release|Any CPU.Build.0 = Release|Any CPU
		{98636019-5B2D-4FBB-BF03-678C97498EB2}.Debug|Any CPU.ActiveCfg = Debug|Any CPU
		{98636019-5B2D-4FBB-BF03-678C97498EB2}.Debug|Any CPU.Build.0 = Debug|Any CPU
		{98636019-5B2D-4FBB-BF03-678C97498EB2}.Release|Any CPU.ActiveCfg = Release|Any CPU
		{98636019-5B2D-4FBB-BF03-678C97498EB2}.Release|Any CPU.Build.0 = Release|Any CPU
		{CE99B7AF-C432-45E3-BF34-60C5A08D4B13}.Debug|Any CPU.ActiveCfg = Debug|Any CPU
		{CE99B7AF-C432-45E3-BF34-60C5A08D4B13}.Debug|Any CPU.Build.0 = Debug|Any CPU
		{CE99B7AF-C432-45E3-BF34-60C5A08D4B13}.Release|Any CPU.ActiveCfg = Release|Any CPU
		{CE99B7AF-C432-45E3-BF34-60C5A08D4B13}.Release|Any CPU.Build.0 = Release|Any CPU
		{2A03AB1F-557F-4C73-8CA8-508211374439}.Debug|Any CPU.ActiveCfg = Debug|Any CPU
		{2A03AB1F-557F-4C73-8CA8-508211374439}.Debug|Any CPU.Build.0 = Debug|Any CPU
		{2A03AB1F-557F-4C73-8CA8-508211374439}.Release|Any CPU.ActiveCfg = Release|Any CPU
		{2A03AB1F-557F-4C73-8CA8-508211374439}.Release|Any CPU.Build.0 = Release|Any CPU
		{57BF37F1-C6A3-4F76-BDEE-B5BB7FC24469}.Debug|Any CPU.ActiveCfg = Debug|Any CPU
		{57BF37F1-C6A3-4F76-BDEE-B5BB7FC24469}.Debug|Any CPU.Build.0 = Debug|Any CPU
		{57BF37F1-C6A3-4F76-BDEE-B5BB7FC24469}.Release|Any CPU.ActiveCfg = Release|Any CPU
		{57BF37F1-C6A3-4F76-BDEE-B5BB7FC24469}.Release|Any CPU.Build.0 = Release|Any CPU
		{C79C2F02-D3F8-4C0F-81E3-CC10568E1CB6}.Debug|Any CPU.ActiveCfg = Debug|Any CPU
		{C79C2F02-D3F8-4C0F-81E3-CC10568E1CB6}.Debug|Any CPU.Build.0 = Debug|Any CPU
		{C79C2F02-D3F8-4C0F-81E3-CC10568E1CB6}.Release|Any CPU.ActiveCfg = Release|Any CPU
		{C79C2F02-D3F8-4C0F-81E3-CC10568E1CB6}.Release|Any CPU.Build.0 = Release|Any CPU
		{EB94F425-216B-4D5A-A978-94B4F0F8C4F3}.Debug|Any CPU.ActiveCfg = Debug|Any CPU
		{EB94F425-216B-4D5A-A978-94B4F0F8C4F3}.Debug|Any CPU.Build.0 = Debug|Any CPU
		{EB94F425-216B-4D5A-A978-94B4F0F8C4F3}.Release|Any CPU.ActiveCfg = Release|Any CPU
		{EB94F425-216B-4D5A-A978-94B4F0F8C4F3}.Release|Any CPU.Build.0 = Release|Any CPU
		{D2CD93D4-E080-4C39-B9EF-B3724E8A8F0D}.Debug|Any CPU.ActiveCfg = Debug|Any CPU
		{D2CD93D4-E080-4C39-B9EF-B3724E8A8F0D}.Debug|Any CPU.Build.0 = Debug|Any CPU
		{D2CD93D4-E080-4C39-B9EF-B3724E8A8F0D}.Release|Any CPU.ActiveCfg = Release|Any CPU
		{D2CD93D4-E080-4C39-B9EF-B3724E8A8F0D}.Release|Any CPU.Build.0 = Release|Any CPU
		{A41B365D-3D23-4A4A-9F2E-A7D4BF992107}.Debug|Any CPU.ActiveCfg = Debug|Any CPU
		{A41B365D-3D23-4A4A-9F2E-A7D4BF992107}.Debug|Any CPU.Build.0 = Debug|Any CPU
		{A41B365D-3D23-4A4A-9F2E-A7D4BF992107}.Release|Any CPU.ActiveCfg = Release|Any CPU
		{A41B365D-3D23-4A4A-9F2E-A7D4BF992107}.Release|Any CPU.Build.0 = Release|Any CPU
		{2425268D-0E11-4CC2-9A19-8C4F4AFA0DAB}.Debug|Any CPU.ActiveCfg = Debug|Any CPU
		{2425268D-0E11-4CC2-9A19-8C4F4AFA0DAB}.Debug|Any CPU.Build.0 = Debug|Any CPU
		{2425268D-0E11-4CC2-9A19-8C4F4AFA0DAB}.Release|Any CPU.ActiveCfg = Release|Any CPU
		{2425268D-0E11-4CC2-9A19-8C4F4AFA0DAB}.Release|Any CPU.Build.0 = Release|Any CPU
		{E844EE81-7080-4C46-9314-A8F38F49DCC1}.Debug|Any CPU.ActiveCfg = Debug|Any CPU
		{E844EE81-7080-4C46-9314-A8F38F49DCC1}.Debug|Any CPU.Build.0 = Debug|Any CPU
		{E844EE81-7080-4C46-9314-A8F38F49DCC1}.Release|Any CPU.ActiveCfg = Release|Any CPU
		{E844EE81-7080-4C46-9314-A8F38F49DCC1}.Release|Any CPU.Build.0 = Release|Any CPU
		{D33BB745-0072-4F5A-AAF7-7FF3877824CC}.Debug|Any CPU.ActiveCfg = Debug|Any CPU
		{D33BB745-0072-4F5A-AAF7-7FF3877824CC}.Debug|Any CPU.Build.0 = Debug|Any CPU
		{D33BB745-0072-4F5A-AAF7-7FF3877824CC}.Release|Any CPU.ActiveCfg = Release|Any CPU
		{D33BB745-0072-4F5A-AAF7-7FF3877824CC}.Release|Any CPU.Build.0 = Release|Any CPU
	EndGlobalSection
	GlobalSection(SolutionProperties) = preSolution
		HideSolutionNode = FALSE
	EndGlobalSection
	GlobalSection(ExtensibilityGlobals) = postSolution
		SolutionGuid = {8337F14C-5DFF-4328-A839-406B1D5B0793}
	EndGlobalSection
EndGlobal
